// !$*UTF8*$!
{
	archiveVersion = 1;
	classes = {
	};
	objectVersion = 46;
	objects = {

/* Begin PBXBuildFile section */
		3F9267711965B1FA006D6ABE /* MalometerDocument.m in Sources */ = {isa = PBXBuildFile; fileRef = 3F9267701965B1FA006D6ABE /* MalometerDocument.m */; };
		3F9267881966E31F006D6ABE /* AgentsFetchedResultsControllerDelegate.m in Sources */ = {isa = PBXBuildFile; fileRef = 3F9267871966E31F006D6ABE /* AgentsFetchedResultsControllerDelegate.m */; };
		3F92678B1966E7F0006D6ABE /* AgentsTableViewDatasource.m in Sources */ = {isa = PBXBuildFile; fileRef = 3F92678A1966E7F0006D6ABE /* AgentsTableViewDatasource.m */; };
		3FC4C1A61962A81C00A57F54 /* Domain.m in Sources */ = {isa = PBXBuildFile; fileRef = 3FC4C1A51962A81C00A57F54 /* Domain.m */; };
		3FC4C1AC1962A81C00A57F54 /* FreakType.m in Sources */ = {isa = PBXBuildFile; fileRef = 3FC4C1AB1962A81C00A57F54 /* FreakType.m */; };
		3FC4C1AF1962C60100A57F54 /* FreakType+Model.m in Sources */ = {isa = PBXBuildFile; fileRef = 3FC4C1AE1962C60100A57F54 /* FreakType+Model.m */; };
		3FC4C1B21962C68400A57F54 /* Domain+Model.m in Sources */ = {isa = PBXBuildFile; fileRef = 3FC4C1B11962C68400A57F54 /* Domain+Model.m */; };
		3FC4C1B41962F49C00A57F54 /* AppDelegateTestsTests.m in Sources */ = {isa = PBXBuildFile; fileRef = 3FC4C1B31962F49C00A57F54 /* AppDelegateTestsTests.m */; };
		3FC4C1B619630F4400A57F54 /* AgentTests.m in Sources */ = {isa = PBXBuildFile; fileRef = 3FC4C1B519630F4400A57F54 /* AgentTests.m */; };
		3FC4C1B7196310F300A57F54 /* Malometer.xcdatamodeld in Sources */ = {isa = PBXBuildFile; fileRef = 3FD5F194196166BA00488778 /* Malometer.xcdatamodeld */; };
		3FC4C217196465A900A57F54 /* Agent.m in Sources */ = {isa = PBXBuildFile; fileRef = 3FC4C216196465A900A57F54 /* Agent.m */; };
		3FC4C21A196465AA00A57F54 /* Power.m in Sources */ = {isa = PBXBuildFile; fileRef = 3FC4C219196465AA00A57F54 /* Power.m */; };
		3FC4C21D196465BA00A57F54 /* Power+Model.m in Sources */ = {isa = PBXBuildFile; fileRef = 3FC4C21C196465BA00A57F54 /* Power+Model.m */; };
		3FC4C21F1964673F00A57F54 /* MappingModel.xcmappingmodel in Sources */ = {isa = PBXBuildFile; fileRef = 3FC4C21E1964673F00A57F54 /* MappingModel.xcmappingmodel */; };
		3FC4C2221964681100A57F54 /* AgentToAgentMigrationPolicy.m in Sources */ = {isa = PBXBuildFile; fileRef = 3FC4C2211964681100A57F54 /* AgentToAgentMigrationPolicy.m */; };
		3FD5F17E196166BA00488778 /* Foundation.framework in Frameworks */ = {isa = PBXBuildFile; fileRef = 3FD5F17D196166BA00488778 /* Foundation.framework */; };
		3FD5F180196166BA00488778 /* CoreGraphics.framework in Frameworks */ = {isa = PBXBuildFile; fileRef = 3FD5F17F196166BA00488778 /* CoreGraphics.framework */; };
		3FD5F182196166BA00488778 /* UIKit.framework in Frameworks */ = {isa = PBXBuildFile; fileRef = 3FD5F181196166BA00488778 /* UIKit.framework */; };
		3FD5F184196166BA00488778 /* CoreData.framework in Frameworks */ = {isa = PBXBuildFile; fileRef = 3FD5F183196166BA00488778 /* CoreData.framework */; };
		3FD5F18A196166BA00488778 /* InfoPlist.strings in Resources */ = {isa = PBXBuildFile; fileRef = 3FD5F188196166BA00488778 /* InfoPlist.strings */; };
		3FD5F18C196166BA00488778 /* main.m in Sources */ = {isa = PBXBuildFile; fileRef = 3FD5F18B196166BA00488778 /* main.m */; };
		3FD5F190196166BA00488778 /* AppDelegate.m in Sources */ = {isa = PBXBuildFile; fileRef = 3FD5F18F196166BA00488778 /* AppDelegate.m */; };
		3FD5F193196166BA00488778 /* Main.storyboard in Resources */ = {isa = PBXBuildFile; fileRef = 3FD5F191196166BA00488778 /* Main.storyboard */; };
		3FD5F196196166BA00488778 /* Malometer.xcdatamodeld in Sources */ = {isa = PBXBuildFile; fileRef = 3FD5F194196166BA00488778 /* Malometer.xcdatamodeld */; };
		3FD5F199196166BA00488778 /* AgentsViewController.m in Sources */ = {isa = PBXBuildFile; fileRef = 3FD5F198196166BA00488778 /* AgentsViewController.m */; };
		3FD5F19C196166BA00488778 /* AgentEditViewController.m in Sources */ = {isa = PBXBuildFile; fileRef = 3FD5F19B196166BA00488778 /* AgentEditViewController.m */; };
		3FD5F19E196166BA00488778 /* Images.xcassets in Resources */ = {isa = PBXBuildFile; fileRef = 3FD5F19D196166BA00488778 /* Images.xcassets */; };
		3FD5F1A5196166BA00488778 /* XCTest.framework in Frameworks */ = {isa = PBXBuildFile; fileRef = 3FD5F1A4196166BA00488778 /* XCTest.framework */; };
		3FD5F1A6196166BA00488778 /* Foundation.framework in Frameworks */ = {isa = PBXBuildFile; fileRef = 3FD5F17D196166BA00488778 /* Foundation.framework */; };
		3FD5F1A7196166BA00488778 /* UIKit.framework in Frameworks */ = {isa = PBXBuildFile; fileRef = 3FD5F181196166BA00488778 /* UIKit.framework */; };
		3FD5F1A8196166BA00488778 /* CoreData.framework in Frameworks */ = {isa = PBXBuildFile; fileRef = 3FD5F183196166BA00488778 /* CoreData.framework */; };
		3FD5F1B0196166BA00488778 /* InfoPlist.strings in Resources */ = {isa = PBXBuildFile; fileRef = 3FD5F1AE196166BA00488778 /* InfoPlist.strings */; };
		3FD5F1D01961B8F100488778 /* Agent+Model.m in Sources */ = {isa = PBXBuildFile; fileRef = 3FD5F1CF1961B8F100488778 /* Agent+Model.m */; };
/* End PBXBuildFile section */

/* Begin PBXContainerItemProxy section */
		3FD5F1A9196166BA00488778 /* PBXContainerItemProxy */ = {
			isa = PBXContainerItemProxy;
			containerPortal = 3FD5F172196166BA00488778 /* Project object */;
			proxyType = 1;
			remoteGlobalIDString = 3FD5F179196166BA00488778;
			remoteInfo = Malometer;
		};
/* End PBXContainerItemProxy section */

/* Begin PBXFileReference section */
		3F92676F1965B1FA006D6ABE /* MalometerDocument.h */ = {isa = PBXFileReference; fileEncoding = 4; lastKnownFileType = sourcecode.c.h; path = MalometerDocument.h; sourceTree = "<group>"; };
		3F9267701965B1FA006D6ABE /* MalometerDocument.m */ = {isa = PBXFileReference; fileEncoding = 4; lastKnownFileType = sourcecode.c.objc; path = MalometerDocument.m; sourceTree = "<group>"; };
		3F9267861966E31F006D6ABE /* AgentsFetchedResultsControllerDelegate.h */ = {isa = PBXFileReference; fileEncoding = 4; lastKnownFileType = sourcecode.c.h; path = AgentsFetchedResultsControllerDelegate.h; sourceTree = "<group>"; };
		3F9267871966E31F006D6ABE /* AgentsFetchedResultsControllerDelegate.m */ = {isa = PBXFileReference; fileEncoding = 4; lastKnownFileType = sourcecode.c.objc; path = AgentsFetchedResultsControllerDelegate.m; sourceTree = "<group>"; };
		3F9267891966E7F0006D6ABE /* AgentsTableViewDatasource.h */ = {isa = PBXFileReference; fileEncoding = 4; lastKnownFileType = sourcecode.c.h; path = AgentsTableViewDatasource.h; sourceTree = "<group>"; };
		3F92678A1966E7F0006D6ABE /* AgentsTableViewDatasource.m */ = {isa = PBXFileReference; fileEncoding = 4; lastKnownFileType = sourcecode.c.objc; path = AgentsTableViewDatasource.m; sourceTree = "<group>"; };
		3FC4C1A41962A81C00A57F54 /* Domain.h */ = {isa = PBXFileReference; fileEncoding = 4; lastKnownFileType = sourcecode.c.h; path = Domain.h; sourceTree = "<group>"; };
		3FC4C1A51962A81C00A57F54 /* Domain.m */ = {isa = PBXFileReference; fileEncoding = 4; lastKnownFileType = sourcecode.c.objc; path = Domain.m; sourceTree = "<group>"; };
		3FC4C1AA1962A81C00A57F54 /* FreakType.h */ = {isa = PBXFileReference; fileEncoding = 4; lastKnownFileType = sourcecode.c.h; path = FreakType.h; sourceTree = "<group>"; };
		3FC4C1AB1962A81C00A57F54 /* FreakType.m */ = {isa = PBXFileReference; fileEncoding = 4; lastKnownFileType = sourcecode.c.objc; path = FreakType.m; sourceTree = "<group>"; };
		3FC4C1AD1962C60100A57F54 /* FreakType+Model.h */ = {isa = PBXFileReference; fileEncoding = 4; lastKnownFileType = sourcecode.c.h; path = "FreakType+Model.h"; sourceTree = "<group>"; };
		3FC4C1AE1962C60100A57F54 /* FreakType+Model.m */ = {isa = PBXFileReference; fileEncoding = 4; lastKnownFileType = sourcecode.c.objc; path = "FreakType+Model.m"; sourceTree = "<group>"; };
		3FC4C1B01962C68400A57F54 /* Domain+Model.h */ = {isa = PBXFileReference; fileEncoding = 4; lastKnownFileType = sourcecode.c.h; path = "Domain+Model.h"; sourceTree = "<group>"; };
		3FC4C1B11962C68400A57F54 /* Domain+Model.m */ = {isa = PBXFileReference; fileEncoding = 4; lastKnownFileType = sourcecode.c.objc; path = "Domain+Model.m"; sourceTree = "<group>"; };
		3FC4C1B31962F49C00A57F54 /* AppDelegateTestsTests.m */ = {isa = PBXFileReference; fileEncoding = 4; lastKnownFileType = sourcecode.c.objc; path = AppDelegateTestsTests.m; sourceTree = "<group>"; };
		3FC4C1B519630F4400A57F54 /* AgentTests.m */ = {isa = PBXFileReference; fileEncoding = 4; lastKnownFileType = sourcecode.c.objc; path = AgentTests.m; sourceTree = "<group>"; };
		3FC4C21019645F1400A57F54 /* Malometer 2.0.0.xcdatamodel */ = {isa = PBXFileReference; lastKnownFileType = wrapper.xcdatamodel; path = "Malometer 2.0.0.xcdatamodel"; sourceTree = "<group>"; };
		3FC4C2141964648700A57F54 /* Malometer 3.0.0.xcdatamodel */ = {isa = PBXFileReference; lastKnownFileType = wrapper.xcdatamodel; path = "Malometer 3.0.0.xcdatamodel"; sourceTree = "<group>"; };
		3FC4C215196465A900A57F54 /* Agent.h */ = {isa = PBXFileReference; fileEncoding = 4; lastKnownFileType = sourcecode.c.h; path = Agent.h; sourceTree = "<group>"; };
		3FC4C216196465A900A57F54 /* Agent.m */ = {isa = PBXFileReference; fileEncoding = 4; lastKnownFileType = sourcecode.c.objc; path = Agent.m; sourceTree = "<group>"; };
		3FC4C218196465AA00A57F54 /* Power.h */ = {isa = PBXFileReference; fileEncoding = 4; lastKnownFileType = sourcecode.c.h; path = Power.h; sourceTree = "<group>"; };
		3FC4C219196465AA00A57F54 /* Power.m */ = {isa = PBXFileReference; fileEncoding = 4; lastKnownFileType = sourcecode.c.objc; path = Power.m; sourceTree = "<group>"; };
		3FC4C21B196465BA00A57F54 /* Power+Model.h */ = {isa = PBXFileReference; fileEncoding = 4; lastKnownFileType = sourcecode.c.h; path = "Power+Model.h"; sourceTree = "<group>"; };
		3FC4C21C196465BA00A57F54 /* Power+Model.m */ = {isa = PBXFileReference; fileEncoding = 4; lastKnownFileType = sourcecode.c.objc; path = "Power+Model.m"; sourceTree = "<group>"; };
		3FC4C21E1964673F00A57F54 /* MappingModel.xcmappingmodel */ = {isa = PBXFileReference; lastKnownFileType = wrapper.xcmappingmodel; path = MappingModel.xcmappingmodel; sourceTree = "<group>"; };
		3FC4C2201964681100A57F54 /* AgentToAgentMigrationPolicy.h */ = {isa = PBXFileReference; fileEncoding = 4; lastKnownFileType = sourcecode.c.h; path = AgentToAgentMigrationPolicy.h; sourceTree = "<group>"; };
		3FC4C2211964681100A57F54 /* AgentToAgentMigrationPolicy.m */ = {isa = PBXFileReference; fileEncoding = 4; lastKnownFileType = sourcecode.c.objc; path = AgentToAgentMigrationPolicy.m; sourceTree = "<group>"; };
		3FD5F17A196166BA00488778 /* Malometer.app */ = {isa = PBXFileReference; explicitFileType = wrapper.application; includeInIndex = 0; path = Malometer.app; sourceTree = BUILT_PRODUCTS_DIR; };
		3FD5F17D196166BA00488778 /* Foundation.framework */ = {isa = PBXFileReference; lastKnownFileType = wrapper.framework; name = Foundation.framework; path = System/Library/Frameworks/Foundation.framework; sourceTree = SDKROOT; };
		3FD5F17F196166BA00488778 /* CoreGraphics.framework */ = {isa = PBXFileReference; lastKnownFileType = wrapper.framework; name = CoreGraphics.framework; path = System/Library/Frameworks/CoreGraphics.framework; sourceTree = SDKROOT; };
		3FD5F181196166BA00488778 /* UIKit.framework */ = {isa = PBXFileReference; lastKnownFileType = wrapper.framework; name = UIKit.framework; path = System/Library/Frameworks/UIKit.framework; sourceTree = SDKROOT; };
		3FD5F183196166BA00488778 /* CoreData.framework */ = {isa = PBXFileReference; lastKnownFileType = wrapper.framework; name = CoreData.framework; path = System/Library/Frameworks/CoreData.framework; sourceTree = SDKROOT; };
		3FD5F187196166BA00488778 /* Malometer-Info.plist */ = {isa = PBXFileReference; lastKnownFileType = text.plist.xml; path = "Malometer-Info.plist"; sourceTree = "<group>"; };
		3FD5F189196166BA00488778 /* en */ = {isa = PBXFileReference; lastKnownFileType = text.plist.strings; name = en; path = en.lproj/InfoPlist.strings; sourceTree = "<group>"; };
		3FD5F18B196166BA00488778 /* main.m */ = {isa = PBXFileReference; lastKnownFileType = sourcecode.c.objc; path = main.m; sourceTree = "<group>"; };
		3FD5F18D196166BA00488778 /* Malometer-Prefix.pch */ = {isa = PBXFileReference; lastKnownFileType = sourcecode.c.h; path = "Malometer-Prefix.pch"; sourceTree = "<group>"; };
		3FD5F18E196166BA00488778 /* AppDelegate.h */ = {isa = PBXFileReference; lastKnownFileType = sourcecode.c.h; path = AppDelegate.h; sourceTree = "<group>"; };
		3FD5F18F196166BA00488778 /* AppDelegate.m */ = {isa = PBXFileReference; lastKnownFileType = sourcecode.c.objc; path = AppDelegate.m; sourceTree = "<group>"; };
		3FD5F192196166BA00488778 /* Base */ = {isa = PBXFileReference; lastKnownFileType = file.storyboard; name = Base; path = Base.lproj/Main.storyboard; sourceTree = "<group>"; };
		3FD5F195196166BA00488778 /* Malometer.xcdatamodel */ = {isa = PBXFileReference; lastKnownFileType = wrapper.xcdatamodel; path = Malometer.xcdatamodel; sourceTree = "<group>"; };
		3FD5F197196166BA00488778 /* AgentsViewController.h */ = {isa = PBXFileReference; lastKnownFileType = sourcecode.c.h; path = AgentsViewController.h; sourceTree = "<group>"; };
		3FD5F198196166BA00488778 /* AgentsViewController.m */ = {isa = PBXFileReference; lastKnownFileType = sourcecode.c.objc; path = AgentsViewController.m; sourceTree = "<group>"; };
		3FD5F19A196166BA00488778 /* AgentEditViewController.h */ = {isa = PBXFileReference; lastKnownFileType = sourcecode.c.h; path = AgentEditViewController.h; sourceTree = "<group>"; };
		3FD5F19B196166BA00488778 /* AgentEditViewController.m */ = {isa = PBXFileReference; lastKnownFileType = sourcecode.c.objc; path = AgentEditViewController.m; sourceTree = "<group>"; };
		3FD5F19D196166BA00488778 /* Images.xcassets */ = {isa = PBXFileReference; lastKnownFileType = folder.assetcatalog; path = Images.xcassets; sourceTree = "<group>"; };
		3FD5F1A3196166BA00488778 /* MalometerTests.xctest */ = {isa = PBXFileReference; explicitFileType = wrapper.cfbundle; includeInIndex = 0; path = MalometerTests.xctest; sourceTree = BUILT_PRODUCTS_DIR; };
		3FD5F1A4196166BA00488778 /* XCTest.framework */ = {isa = PBXFileReference; lastKnownFileType = wrapper.framework; name = XCTest.framework; path = Library/Frameworks/XCTest.framework; sourceTree = DEVELOPER_DIR; };
		3FD5F1AD196166BA00488778 /* MalometerTests-Info.plist */ = {isa = PBXFileReference; lastKnownFileType = text.plist.xml; path = "MalometerTests-Info.plist"; sourceTree = "<group>"; };
		3FD5F1AF196166BA00488778 /* en */ = {isa = PBXFileReference; lastKnownFileType = text.plist.strings; name = en; path = en.lproj/InfoPlist.strings; sourceTree = "<group>"; };
		3FD5F1BE19617A4F00488778 /* ModifiedAgentDataDelegate.h */ = {isa = PBXFileReference; lastKnownFileType = sourcecode.c.h; path = ModifiedAgentDataDelegate.h; sourceTree = "<group>"; };
		3FD5F1CE1961B8F100488778 /* Agent+Model.h */ = {isa = PBXFileReference; fileEncoding = 4; lastKnownFileType = sourcecode.c.h; path = "Agent+Model.h"; sourceTree = "<group>"; };
		3FD5F1CF1961B8F100488778 /* Agent+Model.m */ = {isa = PBXFileReference; fileEncoding = 4; lastKnownFileType = sourcecode.c.objc; path = "Agent+Model.m"; sourceTree = "<group>"; };
/* End PBXFileReference section */

/* Begin PBXFrameworksBuildPhase section */
		3FD5F177196166BA00488778 /* Frameworks */ = {
			isa = PBXFrameworksBuildPhase;
			buildActionMask = 2147483647;
			files = (
				3FD5F180196166BA00488778 /* CoreGraphics.framework in Frameworks */,
				3FD5F184196166BA00488778 /* CoreData.framework in Frameworks */,
				3FD5F182196166BA00488778 /* UIKit.framework in Frameworks */,
				3FD5F17E196166BA00488778 /* Foundation.framework in Frameworks */,
			);
			runOnlyForDeploymentPostprocessing = 0;
		};
		3FD5F1A0196166BA00488778 /* Frameworks */ = {
			isa = PBXFrameworksBuildPhase;
			buildActionMask = 2147483647;
			files = (
				3FD5F1A5196166BA00488778 /* XCTest.framework in Frameworks */,
				3FD5F1A8196166BA00488778 /* CoreData.framework in Frameworks */,
				3FD5F1A7196166BA00488778 /* UIKit.framework in Frameworks */,
				3FD5F1A6196166BA00488778 /* Foundation.framework in Frameworks */,
			);
			runOnlyForDeploymentPostprocessing = 0;
		};
/* End PBXFrameworksBuildPhase section */

/* Begin PBXGroup section */
		3F92678C1966F0A2006D6ABE /* Model */ = {
			isa = PBXGroup;
			children = (
			);
			name = Model;
			sourceTree = "<group>";
		};
		3FC4F047196542DE0099DE0F /* Migration */ = {
			isa = PBXGroup;
			children = (
				3FC4C21E1964673F00A57F54 /* MappingModel.xcmappingmodel */,
				3FC4C2201964681100A57F54 /* AgentToAgentMigrationPolicy.h */,
				3FC4C2211964681100A57F54 /* AgentToAgentMigrationPolicy.m */,
			);
			path = Migration;
			sourceTree = "<group>";
		};
		3FD5F171196166BA00488778 = {
			isa = PBXGroup;
			children = (
				3FD5F185196166BA00488778 /* Malometer */,
				3FD5F1AB196166BA00488778 /* MalometerTests */,
				3FD5F17C196166BA00488778 /* Frameworks */,
				3FD5F17B196166BA00488778 /* Products */,
			);
			sourceTree = "<group>";
		};
		3FD5F17B196166BA00488778 /* Products */ = {
			isa = PBXGroup;
			children = (
				3FD5F17A196166BA00488778 /* Malometer.app */,
				3FD5F1A3196166BA00488778 /* MalometerTests.xctest */,
			);
			name = Products;
			sourceTree = "<group>";
		};
		3FD5F17C196166BA00488778 /* Frameworks */ = {
			isa = PBXGroup;
			children = (
				3FD5F17D196166BA00488778 /* Foundation.framework */,
				3FD5F17F196166BA00488778 /* CoreGraphics.framework */,
				3FD5F181196166BA00488778 /* UIKit.framework */,
				3FD5F183196166BA00488778 /* CoreData.framework */,
				3FD5F1A4196166BA00488778 /* XCTest.framework */,
			);
			name = Frameworks;
			sourceTree = "<group>";
		};
		3FD5F185196166BA00488778 /* Malometer */ = {
			isa = PBXGroup;
			children = (
				3FD5F1C51961A02B00488778 /* Delivery */,
				3FD5F1C21961A00600488778 /* Main */,
				3FD5F18E196166BA00488778 /* AppDelegate.h */,
				3FD5F18F196166BA00488778 /* AppDelegate.m */,
				3FD5F19D196166BA00488778 /* Images.xcassets */,
				3FD5F186196166BA00488778 /* Supporting Files */,
			);
			path = Malometer;
			sourceTree = "<group>";
		};
		3FD5F186196166BA00488778 /* Supporting Files */ = {
			isa = PBXGroup;
			children = (
				3FD5F187196166BA00488778 /* Malometer-Info.plist */,
				3FD5F188196166BA00488778 /* InfoPlist.strings */,
				3FD5F18B196166BA00488778 /* main.m */,
				3FD5F18D196166BA00488778 /* Malometer-Prefix.pch */,
			);
			path = "Supporting Files";
			sourceTree = "<group>";
		};
		3FD5F1AB196166BA00488778 /* MalometerTests */ = {
			isa = PBXGroup;
			children = (
				3FD5F1AC196166BA00488778 /* Supporting Files */,
				3FC4C1B31962F49C00A57F54 /* AppDelegateTestsTests.m */,
				3FC4C1B519630F4400A57F54 /* AgentTests.m */,
			);
			path = MalometerTests;
			sourceTree = "<group>";
		};
		3FD5F1AC196166BA00488778 /* Supporting Files */ = {
			isa = PBXGroup;
			children = (
				3FD5F1AD196166BA00488778 /* MalometerTests-Info.plist */,
				3FD5F1AE196166BA00488778 /* InfoPlist.strings */,
			);
			path = "Supporting Files";
			sourceTree = "<group>";
		};
		3FD5F1C21961A00600488778 /* Main */ = {
			isa = PBXGroup;
			children = (
				3F92678C1966F0A2006D6ABE /* Model */,
				3FC4F047196542DE0099DE0F /* Migration */,
				3FD5F194196166BA00488778 /* Malometer.xcdatamodeld */,
				3FD5F1C71961A05200488778 /* Protocols */,
				3FD5F1C31961A00C00488778 /* Entities */,
				3F92676F1965B1FA006D6ABE /* MalometerDocument.h */,
				3F9267701965B1FA006D6ABE /* MalometerDocument.m */,
			);
			path = Main;
			sourceTree = "<group>";
		};
		3FD5F1C31961A00C00488778 /* Entities */ = {
			isa = PBXGroup;
			children = (
				3FC4C218196465AA00A57F54 /* Power.h */,
				3FC4C219196465AA00A57F54 /* Power.m */,
				3FC4C215196465A900A57F54 /* Agent.h */,
				3FC4C216196465A900A57F54 /* Agent.m */,
				3FC4C1AA1962A81C00A57F54 /* FreakType.h */,
				3FC4C1AB1962A81C00A57F54 /* FreakType.m */,
				3FC4C1A41962A81C00A57F54 /* Domain.h */,
				3FC4C1A51962A81C00A57F54 /* Domain.m */,
				3FD5F1CE1961B8F100488778 /* Agent+Model.h */,
				3FD5F1CF1961B8F100488778 /* Agent+Model.m */,
				3FC4C1AD1962C60100A57F54 /* FreakType+Model.h */,
				3FC4C1AE1962C60100A57F54 /* FreakType+Model.m */,
				3FC4C1B01962C68400A57F54 /* Domain+Model.h */,
				3FC4C1B11962C68400A57F54 /* Domain+Model.m */,
				3FC4C21B196465BA00A57F54 /* Power+Model.h */,
				3FC4C21C196465BA00A57F54 /* Power+Model.m */,
			);
			path = Entities;
			sourceTree = "<group>";
		};
		3FD5F1C51961A02B00488778 /* Delivery */ = {
			isa = PBXGroup;
			children = (
				3FD5F191196166BA00488778 /* Main.storyboard */,
				3FD5F1C61961A03600488778 /* Controllers */,
			);
			path = Delivery;
			sourceTree = "<group>";
		};
		3FD5F1C61961A03600488778 /* Controllers */ = {
			isa = PBXGroup;
			children = (
				3F9267861966E31F006D6ABE /* AgentsFetchedResultsControllerDelegate.h */,
				3F9267871966E31F006D6ABE /* AgentsFetchedResultsControllerDelegate.m */,
				3FD5F197196166BA00488778 /* AgentsViewController.h */,
				3FD5F198196166BA00488778 /* AgentsViewController.m */,
				3FD5F19A196166BA00488778 /* AgentEditViewController.h */,
				3FD5F19B196166BA00488778 /* AgentEditViewController.m */,
				3F9267891966E7F0006D6ABE /* AgentsTableViewDatasource.h */,
				3F92678A1966E7F0006D6ABE /* AgentsTableViewDatasource.m */,
			);
			path = Controllers;
			sourceTree = "<group>";
		};
		3FD5F1C71961A05200488778 /* Protocols */ = {
			isa = PBXGroup;
			children = (
				3FD5F1BE19617A4F00488778 /* ModifiedAgentDataDelegate.h */,
			);
			path = Protocols;
			sourceTree = "<group>";
		};
/* End PBXGroup section */

/* Begin PBXNativeTarget section */
		3FD5F179196166BA00488778 /* Malometer */ = {
			isa = PBXNativeTarget;
			buildConfigurationList = 3FD5F1B5196166BA00488778 /* Build configuration list for PBXNativeTarget "Malometer" */;
			buildPhases = (
				3FD5F176196166BA00488778 /* Sources */,
				3FD5F177196166BA00488778 /* Frameworks */,
				3FD5F178196166BA00488778 /* Resources */,
			);
			buildRules = (
			);
			dependencies = (
			);
			name = Malometer;
			productName = Malometer;
			productReference = 3FD5F17A196166BA00488778 /* Malometer.app */;
			productType = "com.apple.product-type.application";
		};
		3FD5F1A2196166BA00488778 /* MalometerTests */ = {
			isa = PBXNativeTarget;
			buildConfigurationList = 3FD5F1B8196166BA00488778 /* Build configuration list for PBXNativeTarget "MalometerTests" */;
			buildPhases = (
				3FD5F19F196166BA00488778 /* Sources */,
				3FD5F1A0196166BA00488778 /* Frameworks */,
				3FD5F1A1196166BA00488778 /* Resources */,
			);
			buildRules = (
			);
			dependencies = (
				3FD5F1AA196166BA00488778 /* PBXTargetDependency */,
			);
			name = MalometerTests;
			productName = MalometerTests;
			productReference = 3FD5F1A3196166BA00488778 /* MalometerTests.xctest */;
			productType = "com.apple.product-type.bundle.unit-test";
		};
/* End PBXNativeTarget section */

/* Begin PBXProject section */
		3FD5F172196166BA00488778 /* Project object */ = {
			isa = PBXProject;
			attributes = {
				LastUpgradeCheck = 0510;
				ORGANIZATIONNAME = ironhack;
				TargetAttributes = {
					3FD5F1A2196166BA00488778 = {
						TestTargetID = 3FD5F179196166BA00488778;
					};
				};
			};
			buildConfigurationList = 3FD5F175196166BA00488778 /* Build configuration list for PBXProject "Malometer" */;
			compatibilityVersion = "Xcode 3.2";
			developmentRegion = English;
			hasScannedForEncodings = 0;
			knownRegions = (
				en,
				Base,
			);
			mainGroup = 3FD5F171196166BA00488778;
			productRefGroup = 3FD5F17B196166BA00488778 /* Products */;
			projectDirPath = "";
			projectRoot = "";
			targets = (
				3FD5F179196166BA00488778 /* Malometer */,
				3FD5F1A2196166BA00488778 /* MalometerTests */,
			);
		};
/* End PBXProject section */

/* Begin PBXResourcesBuildPhase section */
		3FD5F178196166BA00488778 /* Resources */ = {
			isa = PBXResourcesBuildPhase;
			buildActionMask = 2147483647;
			files = (
				3FD5F19E196166BA00488778 /* Images.xcassets in Resources */,
				3FD5F18A196166BA00488778 /* InfoPlist.strings in Resources */,
				3FD5F193196166BA00488778 /* Main.storyboard in Resources */,
			);
			runOnlyForDeploymentPostprocessing = 0;
		};
		3FD5F1A1196166BA00488778 /* Resources */ = {
			isa = PBXResourcesBuildPhase;
			buildActionMask = 2147483647;
			files = (
				3FD5F1B0196166BA00488778 /* InfoPlist.strings in Resources */,
			);
			runOnlyForDeploymentPostprocessing = 0;
		};
/* End PBXResourcesBuildPhase section */

/* Begin PBXSourcesBuildPhase section */
		3FD5F176196166BA00488778 /* Sources */ = {
			isa = PBXSourcesBuildPhase;
			buildActionMask = 2147483647;
			files = (
				3FC4C1AC1962A81C00A57F54 /* FreakType.m in Sources */,
				3FD5F19C196166BA00488778 /* AgentEditViewController.m in Sources */,
				3FD5F199196166BA00488778 /* AgentsViewController.m in Sources */,
				3F9267711965B1FA006D6ABE /* MalometerDocument.m in Sources */,
				3F92678B1966E7F0006D6ABE /* AgentsTableViewDatasource.m in Sources */,
				3FC4C21A196465AA00A57F54 /* Power.m in Sources */,
				3FD5F1D01961B8F100488778 /* Agent+Model.m in Sources */,
				3FC4C1B21962C68400A57F54 /* Domain+Model.m in Sources */,
				3FC4C217196465A900A57F54 /* Agent.m in Sources */,
				3FC4C1A61962A81C00A57F54 /* Domain.m in Sources */,
				3F9267881966E31F006D6ABE /* AgentsFetchedResultsControllerDelegate.m in Sources */,
				3FC4C21F1964673F00A57F54 /* MappingModel.xcmappingmodel in Sources */,
				3FD5F190196166BA00488778 /* AppDelegate.m in Sources */,
				3FC4C21D196465BA00A57F54 /* Power+Model.m in Sources */,
				3FC4C2221964681100A57F54 /* AgentToAgentMigrationPolicy.m in Sources */,
				3FC4C1AF1962C60100A57F54 /* FreakType+Model.m in Sources */,
				3FD5F18C196166BA00488778 /* main.m in Sources */,
				3FD5F196196166BA00488778 /* Malometer.xcdatamodeld in Sources */,
			);
			runOnlyForDeploymentPostprocessing = 0;
		};
		3FD5F19F196166BA00488778 /* Sources */ = {
			isa = PBXSourcesBuildPhase;
			buildActionMask = 2147483647;
			files = (
				3FC4C1B41962F49C00A57F54 /* AppDelegateTestsTests.m in Sources */,
				3FC4C1B619630F4400A57F54 /* AgentTests.m in Sources */,
				3FC4C1B7196310F300A57F54 /* Malometer.xcdatamodeld in Sources */,
			);
			runOnlyForDeploymentPostprocessing = 0;
		};
/* End PBXSourcesBuildPhase section */

/* Begin PBXTargetDependency section */
		3FD5F1AA196166BA00488778 /* PBXTargetDependency */ = {
			isa = PBXTargetDependency;
			target = 3FD5F179196166BA00488778 /* Malometer */;
			targetProxy = 3FD5F1A9196166BA00488778 /* PBXContainerItemProxy */;
		};
/* End PBXTargetDependency section */

/* Begin PBXVariantGroup section */
		3FD5F188196166BA00488778 /* InfoPlist.strings */ = {
			isa = PBXVariantGroup;
			children = (
				3FD5F189196166BA00488778 /* en */,
			);
			name = InfoPlist.strings;
			sourceTree = "<group>";
		};
		3FD5F191196166BA00488778 /* Main.storyboard */ = {
			isa = PBXVariantGroup;
			children = (
				3FD5F192196166BA00488778 /* Base */,
			);
			name = Main.storyboard;
			sourceTree = "<group>";
		};
		3FD5F1AE196166BA00488778 /* InfoPlist.strings */ = {
			isa = PBXVariantGroup;
			children = (
				3FD5F1AF196166BA00488778 /* en */,
			);
			name = InfoPlist.strings;
			sourceTree = "<group>";
		};
/* End PBXVariantGroup section */

/* Begin XCBuildConfiguration section */
		3FD5F1B3196166BA00488778 /* Debug */ = {
			isa = XCBuildConfiguration;
			buildSettings = {
				ALWAYS_SEARCH_USER_PATHS = NO;
				CLANG_CXX_LANGUAGE_STANDARD = "gnu++0x";
				CLANG_CXX_LIBRARY = "libc++";
				CLANG_ENABLE_MODULES = YES;
				CLANG_ENABLE_OBJC_ARC = YES;
				CLANG_WARN_BOOL_CONVERSION = YES;
				CLANG_WARN_CONSTANT_CONVERSION = YES;
				CLANG_WARN_DIRECT_OBJC_ISA_USAGE = YES_ERROR;
				CLANG_WARN_EMPTY_BODY = YES;
				CLANG_WARN_ENUM_CONVERSION = YES;
				CLANG_WARN_INT_CONVERSION = YES;
				CLANG_WARN_OBJC_ROOT_CLASS = YES_ERROR;
				CLANG_WARN__DUPLICATE_METHOD_MATCH = YES;
				"CODE_SIGN_IDENTITY[sdk=iphoneos*]" = "iPhone Developer";
				COPY_PHASE_STRIP = NO;
				GCC_C_LANGUAGE_STANDARD = gnu99;
				GCC_DYNAMIC_NO_PIC = NO;
				GCC_OPTIMIZATION_LEVEL = 0;
				GCC_PREPROCESSOR_DEFINITIONS = (
					"DEBUG=1",
					"$(inherited)",
				);
				GCC_SYMBOLS_PRIVATE_EXTERN = NO;
				GCC_WARN_64_TO_32_BIT_CONVERSION = YES;
				GCC_WARN_ABOUT_RETURN_TYPE = YES_ERROR;
				GCC_WARN_UNDECLARED_SELECTOR = YES;
				GCC_WARN_UNINITIALIZED_AUTOS = YES_AGGRESSIVE;
				GCC_WARN_UNUSED_FUNCTION = YES;
				GCC_WARN_UNUSED_VARIABLE = YES;
				IPHONEOS_DEPLOYMENT_TARGET = 7.1;
				ONLY_ACTIVE_ARCH = YES;
				SDKROOT = iphoneos;
			};
			name = Debug;
		};
		3FD5F1B4196166BA00488778 /* Release */ = {
			isa = XCBuildConfiguration;
			buildSettings = {
				ALWAYS_SEARCH_USER_PATHS = NO;
				CLANG_CXX_LANGUAGE_STANDARD = "gnu++0x";
				CLANG_CXX_LIBRARY = "libc++";
				CLANG_ENABLE_MODULES = YES;
				CLANG_ENABLE_OBJC_ARC = YES;
				CLANG_WARN_BOOL_CONVERSION = YES;
				CLANG_WARN_CONSTANT_CONVERSION = YES;
				CLANG_WARN_DIRECT_OBJC_ISA_USAGE = YES_ERROR;
				CLANG_WARN_EMPTY_BODY = YES;
				CLANG_WARN_ENUM_CONVERSION = YES;
				CLANG_WARN_INT_CONVERSION = YES;
				CLANG_WARN_OBJC_ROOT_CLASS = YES_ERROR;
				CLANG_WARN__DUPLICATE_METHOD_MATCH = YES;
				"CODE_SIGN_IDENTITY[sdk=iphoneos*]" = "iPhone Developer";
				COPY_PHASE_STRIP = YES;
				ENABLE_NS_ASSERTIONS = NO;
				GCC_C_LANGUAGE_STANDARD = gnu99;
				GCC_WARN_64_TO_32_BIT_CONVERSION = YES;
				GCC_WARN_ABOUT_RETURN_TYPE = YES_ERROR;
				GCC_WARN_UNDECLARED_SELECTOR = YES;
				GCC_WARN_UNINITIALIZED_AUTOS = YES_AGGRESSIVE;
				GCC_WARN_UNUSED_FUNCTION = YES;
				GCC_WARN_UNUSED_VARIABLE = YES;
				IPHONEOS_DEPLOYMENT_TARGET = 7.1;
				SDKROOT = iphoneos;
				VALIDATE_PRODUCT = YES;
			};
			name = Release;
		};
		3FD5F1B6196166BA00488778 /* Debug */ = {
			isa = XCBuildConfiguration;
			buildSettings = {
				ASSETCATALOG_COMPILER_APPICON_NAME = AppIcon;
				ASSETCATALOG_COMPILER_LAUNCHIMAGE_NAME = LaunchImage;
				GCC_PRECOMPILE_PREFIX_HEADER = YES;
				GCC_PREFIX_HEADER = "Malometer/Supporting Files/Malometer-Prefix.pch";
				INFOPLIST_FILE = "Malometer/Supporting Files/Malometer-Info.plist";
				PRODUCT_NAME = "$(TARGET_NAME)";
				WRAPPER_EXTENSION = app;
			};
			name = Debug;
		};
		3FD5F1B7196166BA00488778 /* Release */ = {
			isa = XCBuildConfiguration;
			buildSettings = {
				ASSETCATALOG_COMPILER_APPICON_NAME = AppIcon;
				ASSETCATALOG_COMPILER_LAUNCHIMAGE_NAME = LaunchImage;
				GCC_PRECOMPILE_PREFIX_HEADER = YES;
				GCC_PREFIX_HEADER = "Malometer/Supporting Files/Malometer-Prefix.pch";
				INFOPLIST_FILE = "Malometer/Supporting Files/Malometer-Info.plist";
				PRODUCT_NAME = "$(TARGET_NAME)";
				WRAPPER_EXTENSION = app;
			};
			name = Release;
		};
		3FD5F1B9196166BA00488778 /* Debug */ = {
			isa = XCBuildConfiguration;
			buildSettings = {
				BUNDLE_LOADER = "$(BUILT_PRODUCTS_DIR)/Malometer.app/Malometer";
				FRAMEWORK_SEARCH_PATHS = (
					"$(SDKROOT)/Developer/Library/Frameworks",
					"$(inherited)",
					"$(DEVELOPER_FRAMEWORKS_DIR)",
				);
				GCC_PRECOMPILE_PREFIX_HEADER = YES;
				GCC_PREFIX_HEADER = "Malometer/Supporting Files/Malometer-Prefix.pch";
				GCC_PREPROCESSOR_DEFINITIONS = (
					"DEBUG=1",
					"$(inherited)",
				);
				INFOPLIST_FILE = "MalometerTests/Supporting Files/MalometerTests-Info.plist";
				PRODUCT_NAME = "$(TARGET_NAME)";
				TEST_HOST = "$(BUNDLE_LOADER)";
				WRAPPER_EXTENSION = xctest;
			};
			name = Debug;
		};
		3FD5F1BA196166BA00488778 /* Release */ = {
			isa = XCBuildConfiguration;
			buildSettings = {
				BUNDLE_LOADER = "$(BUILT_PRODUCTS_DIR)/Malometer.app/Malometer";
				FRAMEWORK_SEARCH_PATHS = (
					"$(SDKROOT)/Developer/Library/Frameworks",
					"$(inherited)",
					"$(DEVELOPER_FRAMEWORKS_DIR)",
				);
				GCC_PRECOMPILE_PREFIX_HEADER = YES;
				GCC_PREFIX_HEADER = "Malometer/Supporting Files/Malometer-Prefix.pch";
				INFOPLIST_FILE = "MalometerTests/Supporting Files/MalometerTests-Info.plist";
				PRODUCT_NAME = "$(TARGET_NAME)";
				TEST_HOST = "$(BUNDLE_LOADER)";
				WRAPPER_EXTENSION = xctest;
			};
			name = Release;
		};
/* End XCBuildConfiguration section */

/* Begin XCConfigurationList section */
		3FD5F175196166BA00488778 /* Build configuration list for PBXProject "Malometer" */ = {
			isa = XCConfigurationList;
			buildConfigurations = (
				3FD5F1B3196166BA00488778 /* Debug */,
				3FD5F1B4196166BA00488778 /* Release */,
			);
			defaultConfigurationIsVisible = 0;
			defaultConfigurationName = Release;
		};
		3FD5F1B5196166BA00488778 /* Build configuration list for PBXNativeTarget "Malometer" */ = {
			isa = XCConfigurationList;
			buildConfigurations = (
				3FD5F1B6196166BA00488778 /* Debug */,
				3FD5F1B7196166BA00488778 /* Release */,
			);
			defaultConfigurationIsVisible = 0;
			defaultConfigurationName = Release;
		};
		3FD5F1B8196166BA00488778 /* Build configuration list for PBXNativeTarget "MalometerTests" */ = {
			isa = XCConfigurationList;
			buildConfigurations = (
				3FD5F1B9196166BA00488778 /* Debug */,
				3FD5F1BA196166BA00488778 /* Release */,
			);
			defaultConfigurationIsVisible = 0;
			defaultConfigurationName = Release;
		};
/* End XCConfigurationList section */

/* Begin XCVersionGroup section */
		3FD5F194196166BA00488778 /* Malometer.xcdatamodeld */ = {
			isa = XCVersionGroup;
			children = (
				3FC4C21019645F1400A57F54 /* Malometer 2.0.0.xcdatamodel */,
				3FD5F195196166BA00488778 /* Malometer.xcdatamodel */,
				3FC4C2141964648700A57F54 /* Malometer 3.0.0.xcdatamodel */,
			);
			currentVersion = 3FC4C2141964648700A57F54 /* Malometer 3.0.0.xcdatamodel */;
			path = Malometer.xcdatamodeld;
			sourceTree = "<group>";
			versionGroupType = wrapper.xcdatamodel;
		};
/* End XCVersionGroup section */
	};
	rootObject = 3FD5F172196166BA00488778 /* Project object */;
}
